// !$*UTF8*$!
{
	archiveVersion = 1;
	classes = {
	};
	objectVersion = 46;
	objects = {

/* Begin PBXBuildFile section */
		5A02085A1CE5893E00A5892B /* AppDelegate.m in Sources */ = {isa = PBXBuildFile; fileRef = 5A0208591CE5893E00A5892B /* AppDelegate.m */; };
		5A02085D1CE5893E00A5892B /* main.m in Sources */ = {isa = PBXBuildFile; fileRef = 5A02085C1CE5893E00A5892B /* main.m */; };
		5A0208601CE5893E00A5892B /* ViewController.m in Sources */ = {isa = PBXBuildFile; fileRef = 5A02085F1CE5893E00A5892B /* ViewController.m */; };
		5A0208621CE5893E00A5892B /* Assets.xcassets in Resources */ = {isa = PBXBuildFile; fileRef = 5A0208611CE5893E00A5892B /* Assets.xcassets */; };
		5A0208651CE5893E00A5892B /* Main.storyboard in Resources */ = {isa = PBXBuildFile; fileRef = 5A0208631CE5893E00A5892B /* Main.storyboard */; };
		5A02086F1CE5897F00A5892B /* Owner.m in Sources */ = {isa = PBXBuildFile; fileRef = 5A02086E1CE5897F00A5892B /* Owner.m */; };
		5A0208721CE58ABA00A5892B /* Pet.m in Sources */ = {isa = PBXBuildFile; fileRef = 5A0208711CE58ABA00A5892B /* Pet.m */; };
		5A0208751CE58AC100A5892B /* Toy.m in Sources */ = {isa = PBXBuildFile; fileRef = 5A0208741CE58AC100A5892B /* Toy.m */; };
		5ACF3D5E1DCC49650035001F /* Blueprint.framework in Frameworks */ = {isa = PBXBuildFile; fileRef = 5ACF3D5D1DCC49650035001F /* Blueprint.framework */; };
		5ACF3D5F1DCC49650035001F /* Blueprint.framework in Embed Frameworks */ = {isa = PBXBuildFile; fileRef = 5ACF3D5D1DCC49650035001F /* Blueprint.framework */; settings = {ATTRIBUTES = (CodeSignOnCopy, RemoveHeadersOnCopy, ); }; };
/* End PBXBuildFile section */

/* Begin PBXCopyFilesBuildPhase section */
		5ACF3D601DCC49650035001F /* Embed Frameworks */ = {
			isa = PBXCopyFilesBuildPhase;
			buildActionMask = 2147483647;
			dstPath = "";
			dstSubfolderSpec = 10;
			files = (
				5ACF3D5F1DCC49650035001F /* Blueprint.framework in Embed Frameworks */,
			);
			name = "Embed Frameworks";
			runOnlyForDeploymentPostprocessing = 0;
		};
/* End PBXCopyFilesBuildPhase section */

/* Begin PBXFileReference section */
		5A0208551CE5893E00A5892B /* Blueprint Example (Obj-C).app */ = {isa = PBXFileReference; explicitFileType = wrapper.application; includeInIndex = 0; path = "Blueprint Example (Obj-C).app"; sourceTree = BUILT_PRODUCTS_DIR; };
		5A0208581CE5893E00A5892B /* AppDelegate.h */ = {isa = PBXFileReference; lastKnownFileType = sourcecode.c.h; path = AppDelegate.h; sourceTree = "<group>"; };
		5A0208591CE5893E00A5892B /* AppDelegate.m */ = {isa = PBXFileReference; lastKnownFileType = sourcecode.c.objc; path = AppDelegate.m; sourceTree = "<group>"; };
		5A02085C1CE5893E00A5892B /* main.m */ = {isa = PBXFileReference; lastKnownFileType = sourcecode.c.objc; path = main.m; sourceTree = "<group>"; };
		5A02085E1CE5893E00A5892B /* ViewController.h */ = {isa = PBXFileReference; lastKnownFileType = sourcecode.c.h; path = ViewController.h; sourceTree = "<group>"; };
		5A02085F1CE5893E00A5892B /* ViewController.m */ = {isa = PBXFileReference; lastKnownFileType = sourcecode.c.objc; path = ViewController.m; sourceTree = "<group>"; };
		5A0208611CE5893E00A5892B /* Assets.xcassets */ = {isa = PBXFileReference; lastKnownFileType = folder.assetcatalog; path = Assets.xcassets; sourceTree = "<group>"; };
		5A0208641CE5893E00A5892B /* Base */ = {isa = PBXFileReference; lastKnownFileType = file.storyboard; name = Base; path = Base.lproj/Main.storyboard; sourceTree = "<group>"; };
		5A0208661CE5893E00A5892B /* Info.plist */ = {isa = PBXFileReference; lastKnownFileType = text.plist.xml; path = Info.plist; sourceTree = "<group>"; };
		5A02086D1CE5897F00A5892B /* Owner.h */ = {isa = PBXFileReference; fileEncoding = 4; lastKnownFileType = sourcecode.c.h; path = Owner.h; sourceTree = "<group>"; };
		5A02086E1CE5897F00A5892B /* Owner.m */ = {isa = PBXFileReference; fileEncoding = 4; lastKnownFileType = sourcecode.c.objc; path = Owner.m; sourceTree = "<group>"; };
		5A0208701CE58ABA00A5892B /* Pet.h */ = {isa = PBXFileReference; fileEncoding = 4; lastKnownFileType = sourcecode.c.h; path = Pet.h; sourceTree = "<group>"; };
		5A0208711CE58ABA00A5892B /* Pet.m */ = {isa = PBXFileReference; fileEncoding = 4; lastKnownFileType = sourcecode.c.objc; path = Pet.m; sourceTree = "<group>"; };
		5A0208731CE58AC100A5892B /* Toy.h */ = {isa = PBXFileReference; fileEncoding = 4; lastKnownFileType = sourcecode.c.h; path = Toy.h; sourceTree = "<group>"; };
		5A0208741CE58AC100A5892B /* Toy.m */ = {isa = PBXFileReference; fileEncoding = 4; lastKnownFileType = sourcecode.c.objc; path = Toy.m; sourceTree = "<group>"; };
		5ACF3D5D1DCC49650035001F /* Blueprint.framework */ = {isa = PBXFileReference; explicitFileType = wrapper.framework; path = Blueprint.framework; sourceTree = BUILT_PRODUCTS_DIR; };
/* End PBXFileReference section */

/* Begin PBXFrameworksBuildPhase section */
		5A0208521CE5893E00A5892B /* Frameworks */ = {
			isa = PBXFrameworksBuildPhase;
			buildActionMask = 2147483647;
			files = (
				5ACF3D5E1DCC49650035001F /* Blueprint.framework in Frameworks */,
			);
			runOnlyForDeploymentPostprocessing = 0;
		};
/* End PBXFrameworksBuildPhase section */

/* Begin PBXGroup section */
		5A02084C1CE5893E00A5892B = {
			isa = PBXGroup;
			children = (
				5ACF3D5D1DCC49650035001F /* Blueprint.framework */,
				5A0208571CE5893E00A5892B /* Blueprint Example (Obj-C) */,
				5A0208561CE5893E00A5892B /* Products */,
			);
			sourceTree = "<group>";
		};
		5A0208561CE5893E00A5892B /* Products */ = {
			isa = PBXGroup;
			children = (
				5A0208551CE5893E00A5892B /* Blueprint Example (Obj-C).app */,
			);
			name = Products;
			sourceTree = "<group>";
		};
		5A0208571CE5893E00A5892B /* Blueprint Example (Obj-C) */ = {
			isa = PBXGroup;
			children = (
				5A02086C1CE5894400A5892B /* Models */,
				5A0208581CE5893E00A5892B /* AppDelegate.h */,
				5A0208591CE5893E00A5892B /* AppDelegate.m */,
				5A02085E1CE5893E00A5892B /* ViewController.h */,
				5A02085F1CE5893E00A5892B /* ViewController.m */,
				5A0208611CE5893E00A5892B /* Assets.xcassets */,
				5A0208631CE5893E00A5892B /* Main.storyboard */,
				5A0208661CE5893E00A5892B /* Info.plist */,
				5A02085B1CE5893E00A5892B /* Supporting Files */,
			);
			path = "Blueprint Example (Obj-C)";
			sourceTree = "<group>";
		};
		5A02085B1CE5893E00A5892B /* Supporting Files */ = {
			isa = PBXGroup;
			children = (
				5A02085C1CE5893E00A5892B /* main.m */,
			);
			name = "Supporting Files";
			sourceTree = "<group>";
		};
		5A02086C1CE5894400A5892B /* Models */ = {
			isa = PBXGroup;
			children = (
				5A02086D1CE5897F00A5892B /* Owner.h */,
				5A02086E1CE5897F00A5892B /* Owner.m */,
				5A0208701CE58ABA00A5892B /* Pet.h */,
				5A0208711CE58ABA00A5892B /* Pet.m */,
				5A0208731CE58AC100A5892B /* Toy.h */,
				5A0208741CE58AC100A5892B /* Toy.m */,
			);
			name = Models;
			sourceTree = "<group>";
		};
/* End PBXGroup section */

/* Begin PBXNativeTarget section */
		5A0208541CE5893E00A5892B /* Blueprint Example (Obj-C) */ = {
			isa = PBXNativeTarget;
			buildConfigurationList = 5A0208691CE5893E00A5892B /* Build configuration list for PBXNativeTarget "Blueprint Example (Obj-C)" */;
			buildPhases = (
				5A0208511CE5893E00A5892B /* Sources */,
				5A0208521CE5893E00A5892B /* Frameworks */,
				5A0208531CE5893E00A5892B /* Resources */,
				5ACF3D601DCC49650035001F /* Embed Frameworks */,
			);
			buildRules = (
			);
			dependencies = (
			);
			name = "Blueprint Example (Obj-C)";
			productName = "Blueprint Example (Obj-C)";
			productReference = 5A0208551CE5893E00A5892B /* Blueprint Example (Obj-C).app */;
			productType = "com.apple.product-type.application";
		};
/* End PBXNativeTarget section */

/* Begin PBXProject section */
		5A02084D1CE5893E00A5892B /* Project object */ = {
			isa = PBXProject;
			attributes = {
				LastUpgradeCheck = 0730;
				ORGANIZATIONNAME = "Blueprint Project";
				TargetAttributes = {
					5A0208541CE5893E00A5892B = {
						CreatedOnToolsVersion = 7.3;
					};
				};
			};
			buildConfigurationList = 5A0208501CE5893E00A5892B /* Build configuration list for PBXProject "Blueprint Example (Obj-C)" */;
			compatibilityVersion = "Xcode 3.2";
			developmentRegion = English;
			hasScannedForEncodings = 0;
			knownRegions = (
				en,
				Base,
			);
			mainGroup = 5A02084C1CE5893E00A5892B;
			productRefGroup = 5A0208561CE5893E00A5892B /* Products */;
			projectDirPath = "";
			projectRoot = "";
			targets = (
				5A0208541CE5893E00A5892B /* Blueprint Example (Obj-C) */,
			);
		};
/* End PBXProject section */

/* Begin PBXResourcesBuildPhase section */
		5A0208531CE5893E00A5892B /* Resources */ = {
			isa = PBXResourcesBuildPhase;
			buildActionMask = 2147483647;
			files = (
				5A0208621CE5893E00A5892B /* Assets.xcassets in Resources */,
				5A0208651CE5893E00A5892B /* Main.storyboard in Resources */,
			);
			runOnlyForDeploymentPostprocessing = 0;
		};
/* End PBXResourcesBuildPhase section */

/* Begin PBXSourcesBuildPhase section */
		5A0208511CE5893E00A5892B /* Sources */ = {
			isa = PBXSourcesBuildPhase;
			buildActionMask = 2147483647;
			files = (
				5A0208751CE58AC100A5892B /* Toy.m in Sources */,
				5A0208601CE5893E00A5892B /* ViewController.m in Sources */,
				5A02086F1CE5897F00A5892B /* Owner.m in Sources */,
				5A02085D1CE5893E00A5892B /* main.m in Sources */,
				5A02085A1CE5893E00A5892B /* AppDelegate.m in Sources */,
				5A0208721CE58ABA00A5892B /* Pet.m in Sources */,
			);
			runOnlyForDeploymentPostprocessing = 0;
		};
/* End PBXSourcesBuildPhase section */

/* Begin PBXVariantGroup section */
		5A0208631CE5893E00A5892B /* Main.storyboard */ = {
			isa = PBXVariantGroup;
			children = (
				5A0208641CE5893E00A5892B /* Base */,
			);
			name = Main.storyboard;
			sourceTree = "<group>";
		};
/* End PBXVariantGroup section */

/* Begin XCBuildConfiguration section */
		5A0208671CE5893E00A5892B /* Debug */ = {
			isa = XCBuildConfiguration;
			buildSettings = {
				ALWAYS_SEARCH_USER_PATHS = NO;
				CLANG_ANALYZER_NONNULL = YES;
				CLANG_CXX_LANGUAGE_STANDARD = "gnu++0x";
				CLANG_CXX_LIBRARY = "libc++";
				CLANG_ENABLE_MODULES = YES;
				CLANG_ENABLE_OBJC_ARC = YES;
				CLANG_WARN_BOOL_CONVERSION = YES;
				CLANG_WARN_CONSTANT_CONVERSION = YES;
				CLANG_WARN_DIRECT_OBJC_ISA_USAGE = YES_ERROR;
				CLANG_WARN_EMPTY_BODY = YES;
				CLANG_WARN_ENUM_CONVERSION = YES;
				CLANG_WARN_INT_CONVERSION = YES;
				CLANG_WARN_OBJC_ROOT_CLASS = YES_ERROR;
				CLANG_WARN_UNREACHABLE_CODE = YES;
				CLANG_WARN__DUPLICATE_METHOD_MATCH = YES;
				CODE_SIGN_IDENTITY = "-";
				COPY_PHASE_STRIP = NO;
				DEBUG_INFORMATION_FORMAT = dwarf;
				ENABLE_STRICT_OBJC_MSGSEND = YES;
				ENABLE_TESTABILITY = YES;
				GCC_C_LANGUAGE_STANDARD = gnu99;
				GCC_DYNAMIC_NO_PIC = NO;
				GCC_NO_COMMON_BLOCKS = YES;
				GCC_OPTIMIZATION_LEVEL = 0;
				GCC_PREPROCESSOR_DEFINITIONS = (
					"DEBUG=1",
					"$(inherited)",
				);
				GCC_WARN_64_TO_32_BIT_CONVERSION = YES;
				GCC_WARN_ABOUT_RETURN_TYPE = YES_ERROR;
				GCC_WARN_UNDECLARED_SELECTOR = YES;
				GCC_WARN_UNINITIALIZED_AUTOS = YES_AGGRESSIVE;
				GCC_WARN_UNUSED_FUNCTION = YES;
				GCC_WARN_UNUSED_VARIABLE = YES;
				MACOSX_DEPLOYMENT_TARGET = 10.11;
				MTL_ENABLE_DEBUG_INFO = YES;
				ONLY_ACTIVE_ARCH = YES;
				SDKROOT = macosx;
			};
			name = Debug;
		};
		5A0208681CE5893E00A5892B /* Release */ = {
			isa = XCBuildConfiguration;
			buildSettings = {
				ALWAYS_SEARCH_USER_PATHS = NO;
				CLANG_ANALYZER_NONNULL = YES;
				CLANG_CXX_LANGUAGE_STANDARD = "gnu++0x";
				CLANG_CXX_LIBRARY = "libc++";
				CLANG_ENABLE_MODULES = YES;
				CLANG_ENABLE_OBJC_ARC = YES;
				CLANG_WARN_BOOL_CONVERSION = YES;
				CLANG_WARN_CONSTANT_CONVERSION = YES;
				CLANG_WARN_DIRECT_OBJC_ISA_USAGE = YES_ERROR;
				CLANG_WARN_EMPTY_BODY = YES;
				CLANG_WARN_ENUM_CONVERSION = YES;
				CLANG_WARN_INT_CONVERSION = YES;
				CLANG_WARN_OBJC_ROOT_CLASS = YES_ERROR;
				CLANG_WARN_UNREACHABLE_CODE = YES;
				CLANG_WARN__DUPLICATE_METHOD_MATCH = YES;
				CODE_SIGN_IDENTITY = "-";
				COPY_PHASE_STRIP = NO;
				DEBUG_INFORMATION_FORMAT = "dwarf-with-dsym";
				ENABLE_NS_ASSERTIONS = NO;
				ENABLE_STRICT_OBJC_MSGSEND = YES;
				GCC_C_LANGUAGE_STANDARD = gnu99;
				GCC_NO_COMMON_BLOCKS = YES;
				GCC_WARN_64_TO_32_BIT_CONVERSION = YES;
				GCC_WARN_ABOUT_RETURN_TYPE = YES_ERROR;
				GCC_WARN_UNDECLARED_SELECTOR = YES;
				GCC_WARN_UNINITIALIZED_AUTOS = YES_AGGRESSIVE;
				GCC_WARN_UNUSED_FUNCTION = YES;
				GCC_WARN_UNUSED_VARIABLE = YES;
				MACOSX_DEPLOYMENT_TARGET = 10.11;
				MTL_ENABLE_DEBUG_INFO = NO;
				SDKROOT = macosx;
			};
			name = Release;
		};
		5A02086A1CE5893E00A5892B /* Debug */ = {
			isa = XCBuildConfiguration;
			buildSettings = {
				ASSETCATALOG_COMPILER_APPICON_NAME = AppIcon;
				COMBINE_HIDPI_IMAGES = YES;
				INFOPLIST_FILE = "Blueprint Example (Obj-C)/Info.plist";
				LD_RUNPATH_SEARCH_PATHS = "$(inherited) @executable_path/../Frameworks";
				PRODUCT_BUNDLE_IDENTIFIER = "co.goblueprint.Blueprint-Example--Obj-C-";
				PRODUCT_NAME = "$(TARGET_NAME)";
			};
			name = Debug;
		};
		5A02086B1CE5893E00A5892B /* Release */ = {
			isa = XCBuildConfiguration;
			buildSettings = {
				ASSETCATALOG_COMPILER_APPICON_NAME = AppIcon;
				COMBINE_HIDPI_IMAGES = YES;
				INFOPLIST_FILE = "Blueprint Example (Obj-C)/Info.plist";
				LD_RUNPATH_SEARCH_PATHS = "$(inherited) @executable_path/../Frameworks";
				PRODUCT_BUNDLE_IDENTIFIER = "co.goblueprint.Blueprint-Example--Obj-C-";
				PRODUCT_NAME = "$(TARGET_NAME)";
			};
			name = Release;
		};
/* End XCBuildConfiguration section */

/* Begin XCConfigurationList section */
		5A0208501CE5893E00A5892B /* Build configuration list for PBXProject "Blueprint Example (Obj-C)" */ = {
			isa = XCConfigurationList;
			buildConfigurations = (
				5A0208671CE5893E00A5892B /* Debug */,
				5A0208681CE5893E00A5892B /* Release */,
			);
			defaultConfigurationIsVisible = 0;
			defaultConfigurationName = Release;
		};
		5A0208691CE5893E00A5892B /* Build configuration list for PBXNativeTarget "Blueprint Example (Obj-C)" */ = {
			isa = XCConfigurationList;
			buildConfigurations = (
				5A02086A1CE5893E00A5892B /* Debug */,
				5A02086B1CE5893E00A5892B /* Release */,
			);
			defaultConfigurationIsVisible = 0;
			defaultConfigurationName = Release;
		};
/* End XCConfigurationList section */
	};
	rootObject = 5A02084D1CE5893E00A5892B /* Project object */;
}
